{
  "name": "clickjack-check",
  "version": "0.0.1",
  "lockfileVersion": 1,
  "requires": true,
  "dependencies": {
    "commander": {
      "version": "2.18.0",
      "resolved": "https://artifactory.secureserver.net/artifactory/api/npm/node-virt/commander/-/commander-2.18.0.tgz",
      "integrity": "sha1-K/Bj3e58eJEXaYGizHmOV1S8aXA="
    }
  }
}
